
Microsoft Visual Studio Solution File, Format Version 12.00
# Visual Studio 15
VisualStudioVersion = 15.0.28307.168
MinimumVisualStudioVersion = 10.0.40219.1
Project("{FAE04EC0-301F-11D3-BF4B-00C04F79EFBC}") = "Igroland.Android", "Igroland\Igroland.Android\Igroland.Android.csproj", "{DA579406-E879-4DF4-8BA2-39C0375017B2}"
EndProject
Project("{FAE04EC0-301F-11D3-BF4B-00C04F79EFBC}") = "Igroland.iOS", "Igroland\Igroland.iOS\Igroland.iOS.csproj", "{207F52F9-7702-4BED-AE3A-2E443FCD14AE}"
EndProject
Project("{FAE04EC0-301F-11D3-BF4B-00C04F79EFBC}") = "Igroland", "Igroland\Igroland\Igroland.csproj", "{BD046541-2210-43A4-90BC-DBBB5ACB5482}"
EndProject
Global
	GlobalSection(SolutionConfigurationPlatforms) = preSolution
		Ad-Hoc|Any CPU = Ad-Hoc|Any CPU
		Ad-Hoc|iPhone = Ad-Hoc|iPhone
		Ad-Hoc|iPhoneSimulator = Ad-Hoc|iPhoneSimulator
		AppStore|Any CPU = AppStore|Any CPU
		AppStore|iPhone = AppStore|iPhone
		AppStore|iPhoneSimulator = AppStore|iPhoneSimulator
		Debug|Any CPU = Debug|Any CPU
		Debug|iPhone = Debug|iPhone
		Debug|iPhoneSimulator = Debug|iPhoneSimulator
		Release|Any CPU = Release|Any CPU
		Release|iPhone = Release|iPhone
		Release|iPhoneSimulator = Release|iPhoneSimulator
	EndGlobalSection
	GlobalSection(ProjectConfigurationPlatforms) = postSolution
		{DA579406-E879-4DF4-8BA2-39C0375017B2}.Ad-Hoc|Any CPU.ActiveCfg = Release|Any CPU
		{DA579406-E879-4DF4-8BA2-39C0375017B2}.Ad-Hoc|Any CPU.Build.0 = Release|Any CPU
		{DA579406-E879-4DF4-8BA2-39C0375017B2}.Ad-Hoc|Any CPU.Deploy.0 = Release|Any CPU
		{DA579406-E879-4DF4-8BA2-39C0375017B2}.Ad-Hoc|iPhone.ActiveCfg = Release|Any CPU
		{DA579406-E879-4DF4-8BA2-39C0375017B2}.Ad-Hoc|iPhone.Build.0 = Release|Any CPU
		{DA579406-E879-4DF4-8BA2-39C0375017B2}.Ad-Hoc|iPhone.Deploy.0 = Release|Any CPU
		{DA579406-E879-4DF4-8BA2-39C0375017B2}.Ad-Hoc|iPhoneSimulator.ActiveCfg = Release|Any CPU
		{DA579406-E879-4DF4-8BA2-39C0375017B2}.Ad-Hoc|iPhoneSimulator.Build.0 = Release|Any CPU
		{DA579406-E879-4DF4-8BA2-39C0375017B2}.Ad-Hoc|iPhoneSimulator.Deploy.0 = Release|Any CPU
		{DA579406-E879-4DF4-8BA2-39C0375017B2}.AppStore|Any CPU.ActiveCfg = Release|Any CPU
		{DA579406-E879-4DF4-8BA2-39C0375017B2}.AppStore|Any CPU.Build.0 = Release|Any CPU
		{DA579406-E879-4DF4-8BA2-39C0375017B2}.AppStore|Any CPU.Deploy.0 = Release|Any CPU
		{DA579406-E879-4DF4-8BA2-39C0375017B2}.AppStore|iPhone.ActiveCfg = Release|Any CPU
		{DA579406-E879-4DF4-8BA2-39C0375017B2}.AppStore|iPhone.Build.0 = Release|Any CPU
		{DA579406-E879-4DF4-8BA2-39C0375017B2}.AppStore|iPhone.Deploy.0 = Release|Any CPU
		{DA579406-E879-4DF4-8BA2-39C0375017B2}.AppStore|iPhoneSimulator.ActiveCfg = Release|Any CPU
		{DA579406-E879-4DF4-8BA2-39C0375017B2}.AppStore|iPhoneSimulator.Build.0 = Release|Any CPU
		{DA579406-E879-4DF4-8BA2-39C0375017B2}.AppStore|iPhoneSimulator.Deploy.0 = Release|Any CPU
		{DA579406-E879-4DF4-8BA2-39C0375017B2}.Debug|Any CPU.ActiveCfg = Debug|Any CPU
		{DA579406-E879-4DF4-8BA2-39C0375017B2}.Debug|Any CPU.Build.0 = Debug|Any CPU
		{DA579406-E879-4DF4-8BA2-39C0375017B2}.Debug|Any CPU.Deploy.0 = Debug|Any CPU
		{DA579406-E879-4DF4-8BA2-39C0375017B2}.Debug|iPhone.ActiveCfg = Debug|Any CPU
		{DA579406-E879-4DF4-8BA2-39C0375017B2}.Debug|iPhone.Build.0 = Debug|Any CPU
		{DA579406-E879-4DF4-8BA2-39C0375017B2}.Debug|iPhone.Deploy.0 = Debug|Any CPU
		{DA579406-E879-4DF4-8BA2-39C0375017B2}.Debug|iPhoneSimulator.ActiveCfg = Debug|Any CPU
		{DA579406-E879-4DF4-8BA2-39C0375017B2}.Debug|iPhoneSimulator.Build.0 = Debug|Any CPU
		{DA579406-E879-4DF4-8BA2-39C0375017B2}.Debug|iPhoneSimulator.Deploy.0 = Debug|Any CPU
		{DA579406-E879-4DF4-8BA2-39C0375017B2}.Release|Any CPU.ActiveCfg = Release|Any CPU
		{DA579406-E879-4DF4-8BA2-39C0375017B2}.Release|Any CPU.Build.0 = Release|Any CPU
		{DA579406-E879-4DF4-8BA2-39C0375017B2}.Release|Any CPU.Deploy.0 = Release|Any CPU
		{DA579406-E879-4DF4-8BA2-39C0375017B2}.Release|iPhone.ActiveCfg = Release|Any CPU
		{DA579406-E879-4DF4-8BA2-39C0375017B2}.Release|iPhone.Build.0 = Release|Any CPU
		{DA579406-E879-4DF4-8BA2-39C0375017B2}.Release|iPhone.Deploy.0 = Release|Any CPU
		{DA579406-E879-4DF4-8BA2-39C0375017B2}.Release|iPhoneSimulator.ActiveCfg = Release|Any CPU
		{DA579406-E879-4DF4-8BA2-39C0375017B2}.Release|iPhoneSimulator.Build.0 = Release|Any CPU
		{DA579406-E879-4DF4-8BA2-39C0375017B2}.Release|iPhoneSimulator.Deploy.0 = Release|Any CPU
		{207F52F9-7702-4BED-AE3A-2E443FCD14AE}.Ad-Hoc|Any CPU.ActiveCfg = Ad-Hoc|iPhone
		{207F52F9-7702-4BED-AE3A-2E443FCD14AE}.Ad-Hoc|Any CPU.Build.0 = Ad-Hoc|iPhone
		{207F52F9-7702-4BED-AE3A-2E443FCD14AE}.Ad-Hoc|Any CPU.Deploy.0 = Ad-Hoc|iPhone
		{207F52F9-7702-4BED-AE3A-2E443FCD14AE}.Ad-Hoc|iPhone.ActiveCfg = Ad-Hoc|iPhone
		{207F52F9-7702-4BED-AE3A-2E443FCD14AE}.Ad-Hoc|iPhone.Build.0 = Ad-Hoc|iPhone
		{207F52F9-7702-4BED-AE3A-2E443FCD14AE}.Ad-Hoc|iPhone.Deploy.0 = Ad-Hoc|iPhone
		{207F52F9-7702-4BED-AE3A-2E443FCD14AE}.Ad-Hoc|iPhoneSimulator.ActiveCfg = Ad-Hoc|iPhoneSimulator
		{207F52F9-7702-4BED-AE3A-2E443FCD14AE}.Ad-Hoc|iPhoneSimulator.Build.0 = Ad-Hoc|iPhoneSimulator
		{207F52F9-7702-4BED-AE3A-2E443FCD14AE}.Ad-Hoc|iPhoneSimulator.Deploy.0 = Ad-Hoc|iPhoneSimulator
		{207F52F9-7702-4BED-AE3A-2E443FCD14AE}.AppStore|Any CPU.ActiveCfg = AppStore|iPhone
		{207F52F9-7702-4BED-AE3A-2E443FCD14AE}.AppStore|Any CPU.Build.0 = AppStore|iPhone
		{207F52F9-7702-4BED-AE3A-2E443FCD14AE}.AppStore|Any CPU.Deploy.0 = AppStore|iPhone
		{207F52F9-7702-4BED-AE3A-2E443FCD14AE}.AppStore|iPhone.ActiveCfg = AppStore|iPhone
		{207F52F9-7702-4BED-AE3A-2E443FCD14AE}.AppStore|iPhone.Build.0 = AppStore|iPhone
		{207F52F9-7702-4BED-AE3A-2E443FCD14AE}.AppStore|iPhone.Deploy.0 = AppStore|iPhone
		{207F52F9-7702-4BED-AE3A-2E443FCD14AE}.AppStore|iPhoneSimulator.ActiveCfg = AppStore|iPhoneSimulator
		{207F52F9-7702-4BED-AE3A-2E443FCD14AE}.AppStore|iPhoneSimulator.Build.0 = AppStore|iPhoneSimulator
		{207F52F9-7702-4BED-AE3A-2E443FCD14AE}.AppStore|iPhoneSimulator.Deploy.0 = AppStore|iPhoneSimulator
		{207F52F9-7702-4BED-AE3A-2E443FCD14AE}.Debug|Any CPU.ActiveCfg = Debug|iPhoneSimulator
		{207F52F9-7702-4BED-AE3A-2E443FCD14AE}.Debug|Any CPU.Build.0 = Debug|iPhoneSimulator
		{207F52F9-7702-4BED-AE3A-2E443FCD14AE}.Debug|Any CPU.Deploy.0 = Debug|iPhoneSimulator
		{207F52F9-7702-4BED-AE3A-2E443FCD14AE}.Debug|iPhone.ActiveCfg = Debug|iPhone
		{207F52F9-7702-4BED-AE3A-2E443FCD14AE}.Debug|iPhone.Build.0 = Debug|iPhone
		{207F52F9-7702-4BED-AE3A-2E443FCD14AE}.Debug|iPhone.Deploy.0 = Debug|iPhone
		{207F52F9-7702-4BED-AE3A-2E443FCD14AE}.Debug|iPhoneSimulator.ActiveCfg = Debug|iPhoneSimulator
		{207F52F9-7702-4BED-AE3A-2E443FCD14AE}.Debug|iPhoneSimulator.Build.0 = Debug|iPhoneSimulator
		{207F52F9-7702-4BED-AE3A-2E443FCD14AE}.Debug|iPhoneSimulator.Deploy.0 = Debug|iPhoneSimulator
		{207F52F9-7702-4BED-AE3A-2E443FCD14AE}.Release|Any CPU.ActiveCfg = Release|iPhone
		{207F52F9-7702-4BED-AE3A-2E443FCD14AE}.Release|Any CPU.Build.0 = Release|iPhone
		{207F52F9-7702-4BED-AE3A-2E443FCD14AE}.Release|Any CPU.Deploy.0 = Release|iPhone
		{207F52F9-7702-4BED-AE3A-2E443FCD14AE}.Release|iPhone.ActiveCfg = Release|iPhone
		{207F52F9-7702-4BED-AE3A-2E443FCD14AE}.Release|iPhone.Build.0 = Release|iPhone
		{207F52F9-7702-4BED-AE3A-2E443FCD14AE}.Release|iPhone.Deploy.0 = Release|iPhone
		{207F52F9-7702-4BED-AE3A-2E443FCD14AE}.Release|iPhoneSimulator.ActiveCfg = Release|iPhoneSimulator
		{207F52F9-7702-4BED-AE3A-2E443FCD14AE}.Release|iPhoneSimulator.Build.0 = Release|iPhoneSimulator
		{207F52F9-7702-4BED-AE3A-2E443FCD14AE}.Release|iPhoneSimulator.Deploy.0 = Release|iPhoneSimulator
		{BD046541-2210-43A4-90BC-DBBB5ACB5482}.Ad-Hoc|Any CPU.ActiveCfg = Debug|Any CPU
		{BD046541-2210-43A4-90BC-DBBB5ACB5482}.Ad-Hoc|Any CPU.Build.0 = Debug|Any CPU
		{BD046541-2210-43A4-90BC-DBBB5ACB5482}.Ad-Hoc|Any CPU.Deploy.0 = Debug|Any CPU
		{BD046541-2210-43A4-90BC-DBBB5ACB5482}.Ad-Hoc|iPhone.ActiveCfg = Debug|Any CPU
		{BD046541-2210-43A4-90BC-DBBB5ACB5482}.Ad-Hoc|iPhone.Build.0 = Debug|Any CPU
		{BD046541-2210-43A4-90BC-DBBB5ACB5482}.Ad-Hoc|iPhone.Deploy.0 = Debug|Any CPU
		{BD046541-2210-43A4-90BC-DBBB5ACB5482}.Ad-Hoc|iPhoneSimulator.ActiveCfg = Debug|Any CPU
		{BD046541-2210-43A4-90BC-DBBB5ACB5482}.Ad-Hoc|iPhoneSimulator.Build.0 = Debug|Any CPU
		{BD046541-2210-43A4-90BC-DBBB5ACB5482}.Ad-Hoc|iPhoneSimulator.Deploy.0 = Debug|Any CPU
		{BD046541-2210-43A4-90BC-DBBB5ACB5482}.AppStore|Any CPU.ActiveCfg = Debug|Any CPU
		{BD046541-2210-43A4-90BC-DBBB5ACB5482}.AppStore|Any CPU.Build.0 = Debug|Any CPU
		{BD046541-2210-43A4-90BC-DBBB5ACB5482}.AppStore|Any CPU.Deploy.0 = Debug|Any CPU
		{BD046541-2210-43A4-90BC-DBBB5ACB5482}.AppStore|iPhone.ActiveCfg = Debug|Any CPU
		{BD046541-2210-43A4-90BC-DBBB5ACB5482}.AppStore|iPhone.Build.0 = Debug|Any CPU
		{BD046541-2210-43A4-90BC-DBBB5ACB5482}.AppStore|iPhone.Deploy.0 = Debug|Any CPU
		{BD046541-2210-43A4-90BC-DBBB5ACB5482}.AppStore|iPhoneSimulator.ActiveCfg = Debug|Any CPU
		{BD046541-2210-43A4-90BC-DBBB5ACB5482}.AppStore|iPhoneSimulator.Build.0 = Debug|Any CPU
		{BD046541-2210-43A4-90BC-DBBB5ACB5482}.AppStore|iPhoneSimulator.Deploy.0 = Debug|Any CPU
		{BD046541-2210-43A4-90BC-DBBB5ACB5482}.Debug|Any CPU.ActiveCfg = Debug|Any CPU
		{BD046541-2210-43A4-90BC-DBBB5ACB5482}.Debug|Any CPU.Build.0 = Debug|Any CPU
		{BD046541-2210-43A4-90BC-DBBB5ACB5482}.Debug|Any CPU.Deploy.0 = Debug|Any CPU
		{BD046541-2210-43A4-90BC-DBBB5ACB5482}.Debug|iPhone.ActiveCfg = Debug|Any CPU
		{BD046541-2210-43A4-90BC-DBBB5ACB5482}.Debug|iPhone.Build.0 = Debug|Any CPU
		{BD046541-2210-43A4-90BC-DBBB5ACB5482}.Debug|iPhone.Deploy.0 = Debug|Any CPU
		{BD046541-2210-43A4-90BC-DBBB5ACB5482}.Debug|iPhoneSimulator.ActiveCfg = Debug|Any CPU
		{BD046541-2210-43A4-90BC-DBBB5ACB5482}.Debug|iPhoneSimulator.Build.0 = Debug|Any CPU
		{BD046541-2210-43A4-90BC-DBBB5ACB5482}.Debug|iPhoneSimulator.Deploy.0 = Debug|Any CPU
		{BD046541-2210-43A4-90BC-DBBB5ACB5482}.Release|Any CPU.ActiveCfg = Release|Any CPU
		{BD046541-2210-43A4-90BC-DBBB5ACB5482}.Release|Any CPU.Build.0 = Release|Any CPU
		{BD046541-2210-43A4-90BC-DBBB5ACB5482}.Release|Any CPU.Deploy.0 = Release|Any CPU
		{BD046541-2210-43A4-90BC-DBBB5ACB5482}.Release|iPhone.ActiveCfg = Release|Any CPU
		{BD046541-2210-43A4-90BC-DBBB5ACB5482}.Release|iPhone.Build.0 = Release|Any CPU
		{BD046541-2210-43A4-90BC-DBBB5ACB5482}.Release|iPhone.Deploy.0 = Release|Any CPU
		{BD046541-2210-43A4-90BC-DBBB5ACB5482}.Release|iPhoneSimulator.ActiveCfg = Release|Any CPU
		{BD046541-2210-43A4-90BC-DBBB5ACB5482}.Release|iPhoneSimulator.Build.0 = Release|Any CPU
		{BD046541-2210-43A4-90BC-DBBB5ACB5482}.Release|iPhoneSimulator.Deploy.0 = Release|Any CPU
	EndGlobalSection
	GlobalSection(SolutionProperties) = preSolution
		HideSolutionNode = FALSE
	EndGlobalSection
	GlobalSection(ExtensibilityGlobals) = postSolution
		SolutionGuid = {706490E4-FC58-49D6-913B-B26B839666E5}
	EndGlobalSection
EndGlobal
